PODS:
  - Alamofire (5.4.4)
  - IQKeyboardManagerSwift (6.5.9)
  - Moya (15.0.0):
    - Moya/Core (= 15.0.0)
  - Moya/Core (15.0.0):
    - Alamofire (~> 5.0)
  - Realm (10.20.0):
    - Realm/Headers (= 10.20.0)
  - Realm/Headers (10.20.0)
  - RealmSwift (10.20.0):
    - Realm (= 10.20.0)
  - SwiftyJSON (4.3.0)
  - Swinject (2.8.1)

DEPENDENCIES:
  - IQKeyboardManagerSwift
  - Moya (~> 15.0)
  - RealmSwift (~> 10)
  - SwiftyJSON (~> 4.0)
  - Swinject

SPEC REPOS:
  trunk:
    - Alamofire
    - IQKeyboardManagerSwift
    - Moya
    - Realm
    - RealmSwift
    - SwiftyJSON
    - Swinject

SPEC CHECKSUMS:
  Alamofire: f3b09a368f1582ab751b3fff5460276e0d2cf5c9
  IQKeyboardManagerSwift: 6e839c575c4aa1078d58a596e41244e77abe918f
  Moya: 138f0573e53411fb3dc17016add0b748dfbd78ee
  Realm: ae32bdc1da7d19c7617e0400201a77acd4a211b9
  RealmSwift: c95eec6a712924870b2e36c4c081d63ec07e5414
  SwiftyJSON: 6faa0040f8b59dead0ee07436cbf76b73c08fd08
  Swinject: 97112918bd7e0785dc2df7036213f3c8cbba6586

PODFILE CHECKSUM: a2fed6d10431091fa53ae0fa2cd9b788ee16aa0b

COCOAPODS: 1.10.1
